
Microsoft Visual Studio Solution File, Format Version 12.00
# Visual Studio Version 16
VisualStudioVersion = 16.0.31402.337
MinimumVisualStudioVersion = 10.0.40219.1
Project("{9A19103F-16F7-4668-BE54-9A1E7A4F7556}") = "SRP", "SRP\SRP.csproj", "{7AB39ECD-73B6-41B8-87C3-27BAF2E1E93D}"
EndProject
Project("{9A19103F-16F7-4668-BE54-9A1E7A4F7556}") = "OCP", "OCP\OCP.csproj", "{97C4C8AF-EFEC-4953-B53C-6DA4F27BA125}"
EndProject
Project("{9A19103F-16F7-4668-BE54-9A1E7A4F7556}") = "LSP", "LSP\LSP.csproj", "{682B5161-7324-4817-8049-2885883B99AE}"
EndProject
Project("{FAE04EC0-301F-11D3-BF4B-00C04F79EFBC}") = "ISP", "ISP\ISP.csproj", "{D8C8C064-B972-4BAE-B71A-DDD6D8152670}"
EndProject
Project("{FAE04EC0-301F-11D3-BF4B-00C04F79EFBC}") = "DIP", "DIP\DIP.csproj", "{B3FEC59A-9B14-4417-8EBF-A7B578074D9B}"
EndProject
Global
	GlobalSection(SolutionConfigurationPlatforms) = preSolution
		Debug|Any CPU = Debug|Any CPU
		Release|Any CPU = Release|Any CPU
	EndGlobalSection
	GlobalSection(ProjectConfigurationPlatforms) = postSolution
		{7AB39ECD-73B6-41B8-87C3-27BAF2E1E93D}.Debug|Any CPU.ActiveCfg = Debug|Any CPU
		{7AB39ECD-73B6-41B8-87C3-27BAF2E1E93D}.Debug|Any CPU.Build.0 = Debug|Any CPU
		{7AB39ECD-73B6-41B8-87C3-27BAF2E1E93D}.Release|Any CPU.ActiveCfg = Release|Any CPU
		{7AB39ECD-73B6-41B8-87C3-27BAF2E1E93D}.Release|Any CPU.Build.0 = Release|Any CPU
		{97C4C8AF-EFEC-4953-B53C-6DA4F27BA125}.Debug|Any CPU.ActiveCfg = Debug|Any CPU
		{97C4C8AF-EFEC-4953-B53C-6DA4F27BA125}.Debug|Any CPU.Build.0 = Debug|Any CPU
		{97C4C8AF-EFEC-4953-B53C-6DA4F27BA125}.Release|Any CPU.ActiveCfg = Release|Any CPU
		{97C4C8AF-EFEC-4953-B53C-6DA4F27BA125}.Release|Any CPU.Build.0 = Release|Any CPU
		{682B5161-7324-4817-8049-2885883B99AE}.Debug|Any CPU.ActiveCfg = Debug|Any CPU
		{682B5161-7324-4817-8049-2885883B99AE}.Debug|Any CPU.Build.0 = Debug|Any CPU
		{682B5161-7324-4817-8049-2885883B99AE}.Release|Any CPU.ActiveCfg = Release|Any CPU
		{682B5161-7324-4817-8049-2885883B99AE}.Release|Any CPU.Build.0 = Release|Any CPU
		{D8C8C064-B972-4BAE-B71A-DDD6D8152670}.Debug|Any CPU.ActiveCfg = Debug|Any CPU
		{D8C8C064-B972-4BAE-B71A-DDD6D8152670}.Debug|Any CPU.Build.0 = Debug|Any CPU
		{D8C8C064-B972-4BAE-B71A-DDD6D8152670}.Release|Any CPU.ActiveCfg = Release|Any CPU
		{D8C8C064-B972-4BAE-B71A-DDD6D8152670}.Release|Any CPU.Build.0 = Release|Any CPU
		{B3FEC59A-9B14-4417-8EBF-A7B578074D9B}.Debug|Any CPU.ActiveCfg = Debug|Any CPU
		{B3FEC59A-9B14-4417-8EBF-A7B578074D9B}.Debug|Any CPU.Build.0 = Debug|Any CPU
		{B3FEC59A-9B14-4417-8EBF-A7B578074D9B}.Release|Any CPU.ActiveCfg = Release|Any CPU
		{B3FEC59A-9B14-4417-8EBF-A7B578074D9B}.Release|Any CPU.Build.0 = Release|Any CPU
	EndGlobalSection
	GlobalSection(SolutionProperties) = preSolution
		HideSolutionNode = FALSE
	EndGlobalSection
	GlobalSection(ExtensibilityGlobals) = postSolution
		SolutionGuid = {36EAA5F5-0A89-4E0F-9D8A-3691ADCFA775}
	EndGlobalSection
EndGlobal
